
Microsoft Visual Studio Solution File, Format Version 12.00
# Visual Studio Version 16
VisualStudioVersion = 16.0.32630.194
MinimumVisualStudioVersion = 10.0.40219.1
Project("{9A19103F-16F7-4668-BE54-9A1E7A4F7556}") = "Desafio1", "Desafio1\Desafio1.csproj", "{5FD7586C-403E-469A-AD9F-C4F3103C7651}"
EndProject
Project("{2150E333-8FDC-42A3-9474-1A3956D46DE8}") = "Desafio_HelloWorld", "Desafio_HelloWorld", "{8F04AE5D-7B81-473A-A964-FEE57CC5EAF7}"
EndProject
Project("{2150E333-8FDC-42A3-9474-1A3956D46DE8}") = "Desafio_Soma", "Desafio_Soma", "{BBA6AFDD-3D7A-40C0-B7CE-56C9979AECEE}"
EndProject
Project("{9A19103F-16F7-4668-BE54-9A1E7A4F7556}") = "Desafio2", "Desafio2\Desafio2.csproj", "{167AB0B0-0BF3-47E0-97AB-7A91C53127D1}"
EndProject
Project("{2150E333-8FDC-42A3-9474-1A3956D46DE8}") = "Desafio_CalculoAreaRaio", "Desafio_CalculoAreaRaio", "{36372CF0-C42D-4B8D-A11B-4821115296B9}"
EndProject
Project("{9A19103F-16F7-4668-BE54-9A1E7A4F7556}") = "Desafio3", "Desafio3\Desafio3.csproj", "{9FA14694-C76D-49DE-B30B-B57148462146}"
EndProject
Project("{2150E333-8FDC-42A3-9474-1A3956D46DE8}") = "Desafio_CalculoSalarioFunc", "Desafio_CalculoSalarioFunc", "{AFF9AFBF-D737-4DB8-BAD0-7E39F147FFB9}"
EndProject
Project("{9A19103F-16F7-4668-BE54-9A1E7A4F7556}") = "Desafio4", "Desafio4\Desafio4.csproj", "{6D3219CC-4B90-445B-ACD3-25D1851087B1}"
EndProject
Project("{2150E333-8FDC-42A3-9474-1A3956D46DE8}") = "Desafio_DiscagemDiretaDistancia", "Desafio_DiscagemDiretaDistancia", "{E8BD205E-5FED-4716-9531-24F0B9EBF072}"
EndProject
Project("{9A19103F-16F7-4668-BE54-9A1E7A4F7556}") = "Desafio5", "Desafio5\Desafio5.csproj", "{79ABB24A-A7C6-4873-9F43-01761DAA59BB}"
EndProject
Project("{2150E333-8FDC-42A3-9474-1A3956D46DE8}") = "Desafio_Extra", "Desafio_Extra", "{E432BF51-7501-49F8-9BAE-E49D50584C95}"
EndProject
Project("{9A19103F-16F7-4668-BE54-9A1E7A4F7556}") = "DesafioExtra", "DesafioExtra\DesafioExtra.csproj", "{05F1D993-F552-47EC-9ECF-C4CCC5805B3C}"
EndProject
Project("{2150E333-8FDC-42A3-9474-1A3956D46DE8}") = "Desafio_Tabuada", "Desafio_Tabuada", "{267E1B86-1C63-4242-BA6B-1E1D58B8F380}"
EndProject
Project("{9A19103F-16F7-4668-BE54-9A1E7A4F7556}") = "Desafio6", "Desafio6\Desafio6.csproj", "{6BC28586-7CB6-418E-9BF6-C8442674E38B}"
EndProject
Project("{2150E333-8FDC-42A3-9474-1A3956D46DE8}") = "Desafio_Cardapio", "Desafio_Cardapio", "{AFC0A327-9A03-48F3-BBCD-798A4F5EDEEB}"
EndProject
Project("{9A19103F-16F7-4668-BE54-9A1E7A4F7556}") = "Desafio7", "Desafio7\Desafio7.csproj", "{3FBFA9DA-3034-43B2-B7D8-4FCC65CEAC2E}"
EndProject
Project("{2150E333-8FDC-42A3-9474-1A3956D46DE8}") = "Desafio_DuracaoDoJogo", "Desafio_DuracaoDoJogo", "{2328FEE4-4FA2-499A-AE0F-BFC8F4584ADE}"
EndProject
Project("{9A19103F-16F7-4668-BE54-9A1E7A4F7556}") = "Desafio8", "Desafio8\Desafio8.csproj", "{8BE7DC60-3422-42AD-BDB9-C5909F2EAFB4}"
EndProject
Project("{2150E333-8FDC-42A3-9474-1A3956D46DE8}") = "Desafio_Extra2", "Desafio_Extra2", "{C7398E98-6643-4EE5-A49F-AC92BD225E3D}"
EndProject
Project("{9A19103F-16F7-4668-BE54-9A1E7A4F7556}") = "DesafioAluno", "DesafioAluno\DesafioAluno.csproj", "{400AEF56-1D52-4DC7-BBF6-75C7AA4EA145}"
EndProject
Project("{2150E333-8FDC-42A3-9474-1A3956D46DE8}") = "Desafio_AumentoDeSalario", "Desafio_AumentoDeSalario", "{38EE7C6F-F497-46B0-8C0B-DF203F6C4FEF}"
EndProject
Project("{9A19103F-16F7-4668-BE54-9A1E7A4F7556}") = "Desafio9", "Desafio9\Desafio9.csproj", "{42E4C4EF-49E1-461A-A482-5CD3E6B2AC5E}"
EndProject
Project("{2150E333-8FDC-42A3-9474-1A3956D46DE8}") = "Desafio_ReinoAnimal", "Desafio_ReinoAnimal", "{CDA02E15-293A-46AA-8FE8-5B9EBA5C8452}"
EndProject
Project("{9A19103F-16F7-4668-BE54-9A1E7A4F7556}") = "Desafio10", "Desafio10\Desafio10.csproj", "{2CF85D0F-7606-44C2-B581-5C070C6167C8}"
EndProject
Project("{2150E333-8FDC-42A3-9474-1A3956D46DE8}") = "Desafio_Imposto", "Desafio_Imposto", "{530D082C-1B6D-402E-A98B-D1438F3AE309}"
EndProject
Project("{9A19103F-16F7-4668-BE54-9A1E7A4F7556}") = "Desafio11", "Desafio11\Desafio11.csproj", "{8AD31599-BE74-4EF8-A766-49242C5F9968}"
EndProject
Project("{2150E333-8FDC-42A3-9474-1A3956D46DE8}") = "Desafio_MenorPosicao", "Desafio_MenorPosicao", "{29926E8C-B4A9-4D8A-999C-A8B9027F7C20}"
EndProject
Project("{9A19103F-16F7-4668-BE54-9A1E7A4F7556}") = "Desafio12", "Desafio12\Desafio12.csproj", "{83DFA2D5-B9DC-432F-B821-AAF66CF37409}"
EndProject
Project("{2150E333-8FDC-42A3-9474-1A3956D46DE8}") = "Desafio_ConversaoDeTempo", "Desafio_ConversaoDeTempo", "{E548C68D-8802-4C82-9362-3719A0A91DB4}"
EndProject
Project("{9A19103F-16F7-4668-BE54-9A1E7A4F7556}") = "Desafio13", "Desafio13\Desafio13.csproj", "{E8559E43-9C0C-4AC8-8AB1-29299D6C8F6B}"
EndProject
Project("{2150E333-8FDC-42A3-9474-1A3956D46DE8}") = "Desafio_Quadrante", "Desafio_Quadrante", "{0D6FA2DD-AC1E-4C6C-9E19-CEB1D5ABC674}"
EndProject
Project("{9A19103F-16F7-4668-BE54-9A1E7A4F7556}") = "Desafio14", "Desafio14\Desafio14.csproj", "{1996E0D2-7344-4AF2-9C72-944166CBD478}"
EndProject
Project("{2150E333-8FDC-42A3-9474-1A3956D46DE8}") = "Desafio_SomaNumerosImpares", "Desafio_SomaNumerosImpares", "{E75AD73E-3BDF-4BFC-988C-6F2663E765AD}"
EndProject
Project("{9A19103F-16F7-4668-BE54-9A1E7A4F7556}") = "Desafio15", "Desafio15\Desafio15.csproj", "{52DF44B1-2D02-4E54-9B68-02DB6DD6C95A}"
EndProject
Project("{2150E333-8FDC-42A3-9474-1A3956D46DE8}") = "Desafio_PulaSapo", "Desafio_PulaSapo", "{313FBF98-BC6C-4317-950F-5D7DCF253B11}"
EndProject
Project("{9A19103F-16F7-4668-BE54-9A1E7A4F7556}") = "Desafio16", "Desafio16\Desafio16.csproj", "{0E951664-7867-423F-9724-AE5495C29062}"
EndProject
Project("{2150E333-8FDC-42A3-9474-1A3956D46DE8}") = "Teste", "Teste", "{1866DE00-F6A5-4663-935D-884B1A0AFBCB}"
EndProject
Project("{9A19103F-16F7-4668-BE54-9A1E7A4F7556}") = "TesteDesafios", "TesteDesafios\TesteDesafios.csproj", "{5BCDC1DB-895E-48CB-9C51-FD00ED5310FA}"
EndProject
Project("{2150E333-8FDC-42A3-9474-1A3956D46DE8}") = "Desafio_DomingoDeManha", "Desafio_DomingoDeManha", "{15E3ABA7-6B37-4B32-B7FA-7CB97FBC5572}"
EndProject
Project("{9A19103F-16F7-4668-BE54-9A1E7A4F7556}") = "Desafio17", "Desafio17\Desafio17.csproj", "{02A028A1-6BE0-42A2-96E9-FDBD3093B226}"
EndProject
Project("{2150E333-8FDC-42A3-9474-1A3956D46DE8}") = "Desafioi_pedraPapelAtaqueAereo", "Desafioi_pedraPapelAtaqueAereo", "{7853A3D3-58C7-427C-BD5F-7B821A1AA16E}"
EndProject
Project("{9A19103F-16F7-4668-BE54-9A1E7A4F7556}") = "Desafio18", "Desafio18\Desafio18.csproj", "{60CF4774-8568-4C21-806B-D4CE3A8DD8B0}"
EndProject
Project("{2150E333-8FDC-42A3-9474-1A3956D46DE8}") = "Desafio_SystemDownload", "Desafio_SystemDownload", "{BEE46CDA-DCF0-434C-A49A-3894A4004248}"
EndProject
Project("{FAE04EC0-301F-11D3-BF4B-00C04F79EFBC}") = "Desafio19", "Desafio19\Desafio19.csproj", "{C0ACFCCA-C38C-42B1-87D5-0BE36ACB4A25}"
EndProject
Global
	GlobalSection(SolutionConfigurationPlatforms) = preSolution
		Debug|Any CPU = Debug|Any CPU
		Release|Any CPU = Release|Any CPU
	EndGlobalSection
	GlobalSection(ProjectConfigurationPlatforms) = postSolution
		{5FD7586C-403E-469A-AD9F-C4F3103C7651}.Debug|Any CPU.ActiveCfg = Debug|Any CPU
		{5FD7586C-403E-469A-AD9F-C4F3103C7651}.Debug|Any CPU.Build.0 = Debug|Any CPU
		{5FD7586C-403E-469A-AD9F-C4F3103C7651}.Release|Any CPU.ActiveCfg = Release|Any CPU
		{5FD7586C-403E-469A-AD9F-C4F3103C7651}.Release|Any CPU.Build.0 = Release|Any CPU
		{167AB0B0-0BF3-47E0-97AB-7A91C53127D1}.Debug|Any CPU.ActiveCfg = Debug|Any CPU
		{167AB0B0-0BF3-47E0-97AB-7A91C53127D1}.Debug|Any CPU.Build.0 = Debug|Any CPU
		{167AB0B0-0BF3-47E0-97AB-7A91C53127D1}.Release|Any CPU.ActiveCfg = Release|Any CPU
		{167AB0B0-0BF3-47E0-97AB-7A91C53127D1}.Release|Any CPU.Build.0 = Release|Any CPU
		{9FA14694-C76D-49DE-B30B-B57148462146}.Debug|Any CPU.ActiveCfg = Debug|Any CPU
		{9FA14694-C76D-49DE-B30B-B57148462146}.Debug|Any CPU.Build.0 = Debug|Any CPU
		{9FA14694-C76D-49DE-B30B-B57148462146}.Release|Any CPU.ActiveCfg = Release|Any CPU
		{9FA14694-C76D-49DE-B30B-B57148462146}.Release|Any CPU.Build.0 = Release|Any CPU
		{6D3219CC-4B90-445B-ACD3-25D1851087B1}.Debug|Any CPU.ActiveCfg = Debug|Any CPU
		{6D3219CC-4B90-445B-ACD3-25D1851087B1}.Debug|Any CPU.Build.0 = Debug|Any CPU
		{6D3219CC-4B90-445B-ACD3-25D1851087B1}.Release|Any CPU.ActiveCfg = Release|Any CPU
		{6D3219CC-4B90-445B-ACD3-25D1851087B1}.Release|Any CPU.Build.0 = Release|Any CPU
		{79ABB24A-A7C6-4873-9F43-01761DAA59BB}.Debug|Any CPU.ActiveCfg = Debug|Any CPU
		{79ABB24A-A7C6-4873-9F43-01761DAA59BB}.Debug|Any CPU.Build.0 = Debug|Any CPU
		{79ABB24A-A7C6-4873-9F43-01761DAA59BB}.Release|Any CPU.ActiveCfg = Release|Any CPU
		{79ABB24A-A7C6-4873-9F43-01761DAA59BB}.Release|Any CPU.Build.0 = Release|Any CPU
		{05F1D993-F552-47EC-9ECF-C4CCC5805B3C}.Debug|Any CPU.ActiveCfg = Debug|Any CPU
		{05F1D993-F552-47EC-9ECF-C4CCC5805B3C}.Debug|Any CPU.Build.0 = Debug|Any CPU
		{05F1D993-F552-47EC-9ECF-C4CCC5805B3C}.Release|Any CPU.ActiveCfg = Release|Any CPU
		{05F1D993-F552-47EC-9ECF-C4CCC5805B3C}.Release|Any CPU.Build.0 = Release|Any CPU
		{6BC28586-7CB6-418E-9BF6-C8442674E38B}.Debug|Any CPU.ActiveCfg = Debug|Any CPU
		{6BC28586-7CB6-418E-9BF6-C8442674E38B}.Debug|Any CPU.Build.0 = Debug|Any CPU
		{6BC28586-7CB6-418E-9BF6-C8442674E38B}.Release|Any CPU.ActiveCfg = Release|Any CPU
		{6BC28586-7CB6-418E-9BF6-C8442674E38B}.Release|Any CPU.Build.0 = Release|Any CPU
		{3FBFA9DA-3034-43B2-B7D8-4FCC65CEAC2E}.Debug|Any CPU.ActiveCfg = Debug|Any CPU
		{3FBFA9DA-3034-43B2-B7D8-4FCC65CEAC2E}.Debug|Any CPU.Build.0 = Debug|Any CPU
		{3FBFA9DA-3034-43B2-B7D8-4FCC65CEAC2E}.Release|Any CPU.ActiveCfg = Release|Any CPU
		{3FBFA9DA-3034-43B2-B7D8-4FCC65CEAC2E}.Release|Any CPU.Build.0 = Release|Any CPU
		{8BE7DC60-3422-42AD-BDB9-C5909F2EAFB4}.Debug|Any CPU.ActiveCfg = Debug|Any CPU
		{8BE7DC60-3422-42AD-BDB9-C5909F2EAFB4}.Debug|Any CPU.Build.0 = Debug|Any CPU
		{8BE7DC60-3422-42AD-BDB9-C5909F2EAFB4}.Release|Any CPU.ActiveCfg = Release|Any CPU
		{8BE7DC60-3422-42AD-BDB9-C5909F2EAFB4}.Release|Any CPU.Build.0 = Release|Any CPU
		{400AEF56-1D52-4DC7-BBF6-75C7AA4EA145}.Debug|Any CPU.ActiveCfg = Debug|Any CPU
		{400AEF56-1D52-4DC7-BBF6-75C7AA4EA145}.Debug|Any CPU.Build.0 = Debug|Any CPU
		{400AEF56-1D52-4DC7-BBF6-75C7AA4EA145}.Release|Any CPU.ActiveCfg = Release|Any CPU
		{400AEF56-1D52-4DC7-BBF6-75C7AA4EA145}.Release|Any CPU.Build.0 = Release|Any CPU
		{42E4C4EF-49E1-461A-A482-5CD3E6B2AC5E}.Debug|Any CPU.ActiveCfg = Debug|Any CPU
		{42E4C4EF-49E1-461A-A482-5CD3E6B2AC5E}.Debug|Any CPU.Build.0 = Debug|Any CPU
		{42E4C4EF-49E1-461A-A482-5CD3E6B2AC5E}.Release|Any CPU.ActiveCfg = Release|Any CPU
		{42E4C4EF-49E1-461A-A482-5CD3E6B2AC5E}.Release|Any CPU.Build.0 = Release|Any CPU
		{2CF85D0F-7606-44C2-B581-5C070C6167C8}.Debug|Any CPU.ActiveCfg = Debug|Any CPU
		{2CF85D0F-7606-44C2-B581-5C070C6167C8}.Debug|Any CPU.Build.0 = Debug|Any CPU
		{2CF85D0F-7606-44C2-B581-5C070C6167C8}.Release|Any CPU.ActiveCfg = Release|Any CPU
		{2CF85D0F-7606-44C2-B581-5C070C6167C8}.Release|Any CPU.Build.0 = Release|Any CPU
		{8AD31599-BE74-4EF8-A766-49242C5F9968}.Debug|Any CPU.ActiveCfg = Debug|Any CPU
		{8AD31599-BE74-4EF8-A766-49242C5F9968}.Debug|Any CPU.Build.0 = Debug|Any CPU
		{8AD31599-BE74-4EF8-A766-49242C5F9968}.Release|Any CPU.ActiveCfg = Release|Any CPU
		{8AD31599-BE74-4EF8-A766-49242C5F9968}.Release|Any CPU.Build.0 = Release|Any CPU
		{83DFA2D5-B9DC-432F-B821-AAF66CF37409}.Debug|Any CPU.ActiveCfg = Debug|Any CPU
		{83DFA2D5-B9DC-432F-B821-AAF66CF37409}.Debug|Any CPU.Build.0 = Debug|Any CPU
		{83DFA2D5-B9DC-432F-B821-AAF66CF37409}.Release|Any CPU.ActiveCfg = Release|Any CPU
		{83DFA2D5-B9DC-432F-B821-AAF66CF37409}.Release|Any CPU.Build.0 = Release|Any CPU
		{E8559E43-9C0C-4AC8-8AB1-29299D6C8F6B}.Debug|Any CPU.ActiveCfg = Debug|Any CPU
		{E8559E43-9C0C-4AC8-8AB1-29299D6C8F6B}.Debug|Any CPU.Build.0 = Debug|Any CPU
		{E8559E43-9C0C-4AC8-8AB1-29299D6C8F6B}.Release|Any CPU.ActiveCfg = Release|Any CPU
		{E8559E43-9C0C-4AC8-8AB1-29299D6C8F6B}.Release|Any CPU.Build.0 = Release|Any CPU
		{1996E0D2-7344-4AF2-9C72-944166CBD478}.Debug|Any CPU.ActiveCfg = Debug|Any CPU
		{1996E0D2-7344-4AF2-9C72-944166CBD478}.Debug|Any CPU.Build.0 = Debug|Any CPU
		{1996E0D2-7344-4AF2-9C72-944166CBD478}.Release|Any CPU.ActiveCfg = Release|Any CPU
		{1996E0D2-7344-4AF2-9C72-944166CBD478}.Release|Any CPU.Build.0 = Release|Any CPU
		{52DF44B1-2D02-4E54-9B68-02DB6DD6C95A}.Debug|Any CPU.ActiveCfg = Debug|Any CPU
		{52DF44B1-2D02-4E54-9B68-02DB6DD6C95A}.Debug|Any CPU.Build.0 = Debug|Any CPU
		{52DF44B1-2D02-4E54-9B68-02DB6DD6C95A}.Release|Any CPU.ActiveCfg = Release|Any CPU
		{52DF44B1-2D02-4E54-9B68-02DB6DD6C95A}.Release|Any CPU.Build.0 = Release|Any CPU
		{0E951664-7867-423F-9724-AE5495C29062}.Debug|Any CPU.ActiveCfg = Debug|Any CPU
		{0E951664-7867-423F-9724-AE5495C29062}.Debug|Any CPU.Build.0 = Debug|Any CPU
		{0E951664-7867-423F-9724-AE5495C29062}.Release|Any CPU.ActiveCfg = Release|Any CPU
		{0E951664-7867-423F-9724-AE5495C29062}.Release|Any CPU.Build.0 = Release|Any CPU
		{5BCDC1DB-895E-48CB-9C51-FD00ED5310FA}.Debug|Any CPU.ActiveCfg = Debug|Any CPU
		{5BCDC1DB-895E-48CB-9C51-FD00ED5310FA}.Debug|Any CPU.Build.0 = Debug|Any CPU
		{5BCDC1DB-895E-48CB-9C51-FD00ED5310FA}.Release|Any CPU.ActiveCfg = Release|Any CPU
		{5BCDC1DB-895E-48CB-9C51-FD00ED5310FA}.Release|Any CPU.Build.0 = Release|Any CPU
		{02A028A1-6BE0-42A2-96E9-FDBD3093B226}.Debug|Any CPU.ActiveCfg = Debug|Any CPU
		{02A028A1-6BE0-42A2-96E9-FDBD3093B226}.Debug|Any CPU.Build.0 = Debug|Any CPU
		{02A028A1-6BE0-42A2-96E9-FDBD3093B226}.Release|Any CPU.ActiveCfg = Release|Any CPU
		{02A028A1-6BE0-42A2-96E9-FDBD3093B226}.Release|Any CPU.Build.0 = Release|Any CPU
		{60CF4774-8568-4C21-806B-D4CE3A8DD8B0}.Debug|Any CPU.ActiveCfg = Debug|Any CPU
		{60CF4774-8568-4C21-806B-D4CE3A8DD8B0}.Debug|Any CPU.Build.0 = Debug|Any CPU
		{60CF4774-8568-4C21-806B-D4CE3A8DD8B0}.Release|Any CPU.ActiveCfg = Release|Any CPU
		{60CF4774-8568-4C21-806B-D4CE3A8DD8B0}.Release|Any CPU.Build.0 = Release|Any CPU
		{C0ACFCCA-C38C-42B1-87D5-0BE36ACB4A25}.Debug|Any CPU.ActiveCfg = Debug|Any CPU
		{C0ACFCCA-C38C-42B1-87D5-0BE36ACB4A25}.Debug|Any CPU.Build.0 = Debug|Any CPU
		{C0ACFCCA-C38C-42B1-87D5-0BE36ACB4A25}.Release|Any CPU.ActiveCfg = Release|Any CPU
		{C0ACFCCA-C38C-42B1-87D5-0BE36ACB4A25}.Release|Any CPU.Build.0 = Release|Any CPU
	EndGlobalSection
	GlobalSection(SolutionProperties) = preSolution
		HideSolutionNode = FALSE
	EndGlobalSection
	GlobalSection(NestedProjects) = preSolution
		{5FD7586C-403E-469A-AD9F-C4F3103C7651} = {8F04AE5D-7B81-473A-A964-FEE57CC5EAF7}
		{167AB0B0-0BF3-47E0-97AB-7A91C53127D1} = {BBA6AFDD-3D7A-40C0-B7CE-56C9979AECEE}
		{9FA14694-C76D-49DE-B30B-B57148462146} = {36372CF0-C42D-4B8D-A11B-4821115296B9}
		{6D3219CC-4B90-445B-ACD3-25D1851087B1} = {AFF9AFBF-D737-4DB8-BAD0-7E39F147FFB9}
		{79ABB24A-A7C6-4873-9F43-01761DAA59BB} = {E8BD205E-5FED-4716-9531-24F0B9EBF072}
		{05F1D993-F552-47EC-9ECF-C4CCC5805B3C} = {E432BF51-7501-49F8-9BAE-E49D50584C95}
		{6BC28586-7CB6-418E-9BF6-C8442674E38B} = {267E1B86-1C63-4242-BA6B-1E1D58B8F380}
		{3FBFA9DA-3034-43B2-B7D8-4FCC65CEAC2E} = {AFC0A327-9A03-48F3-BBCD-798A4F5EDEEB}
		{8BE7DC60-3422-42AD-BDB9-C5909F2EAFB4} = {2328FEE4-4FA2-499A-AE0F-BFC8F4584ADE}
		{400AEF56-1D52-4DC7-BBF6-75C7AA4EA145} = {C7398E98-6643-4EE5-A49F-AC92BD225E3D}
		{42E4C4EF-49E1-461A-A482-5CD3E6B2AC5E} = {38EE7C6F-F497-46B0-8C0B-DF203F6C4FEF}
		{2CF85D0F-7606-44C2-B581-5C070C6167C8} = {CDA02E15-293A-46AA-8FE8-5B9EBA5C8452}
		{8AD31599-BE74-4EF8-A766-49242C5F9968} = {530D082C-1B6D-402E-A98B-D1438F3AE309}
		{83DFA2D5-B9DC-432F-B821-AAF66CF37409} = {29926E8C-B4A9-4D8A-999C-A8B9027F7C20}
		{E8559E43-9C0C-4AC8-8AB1-29299D6C8F6B} = {E548C68D-8802-4C82-9362-3719A0A91DB4}
		{1996E0D2-7344-4AF2-9C72-944166CBD478} = {0D6FA2DD-AC1E-4C6C-9E19-CEB1D5ABC674}
		{52DF44B1-2D02-4E54-9B68-02DB6DD6C95A} = {E75AD73E-3BDF-4BFC-988C-6F2663E765AD}
		{0E951664-7867-423F-9724-AE5495C29062} = {313FBF98-BC6C-4317-950F-5D7DCF253B11}
		{5BCDC1DB-895E-48CB-9C51-FD00ED5310FA} = {1866DE00-F6A5-4663-935D-884B1A0AFBCB}
		{02A028A1-6BE0-42A2-96E9-FDBD3093B226} = {15E3ABA7-6B37-4B32-B7FA-7CB97FBC5572}
		{60CF4774-8568-4C21-806B-D4CE3A8DD8B0} = {7853A3D3-58C7-427C-BD5F-7B821A1AA16E}
		{C0ACFCCA-C38C-42B1-87D5-0BE36ACB4A25} = {BEE46CDA-DCF0-434C-A49A-3894A4004248}
	EndGlobalSection
	GlobalSection(ExtensibilityGlobals) = postSolution
		SolutionGuid = {88CD1DD9-A453-425E-97FF-13C85B9198BC}
	EndGlobalSection
EndGlobal
